# @generated - this file is auto-generated by `mise lock` https://mise.en.dev/dev-tools/mise-lock.html

[[tools.node]]
version = "24.16.0"
backend = "core:node"

[tools.node."platforms.linux-arm64"]
checksum = "sha256:589f5b6dd4fcfee4dfda73013903c966abaa8abd93dbc9d436544e472b4f0e74"
url = "https://nodejs.org/dist/v24.16.0/node-v24.16.0-linux-arm64.tar.gz"

[tools.node."platforms.linux-x64"]
checksum = "sha256:2faf6a387e9b62b888e21c54f01249fb27537ffecf1842f29f4c919d0a59a0ff"
url = "https://nodejs.org/dist/v24.16.0/node-v24.16.0-linux-x64.tar.gz"

[tools.node."platforms.macos-arm64"]
checksum = "sha256:39189dab4eeb15706c424af0ac08a3044c9e48f7db12a7d77f6b7aafc7dd5df6"
url = "https://nodejs.org/dist/v24.16.0/node-v24.16.0-darwin-arm64.tar.gz"

[[tools.pnpm]]
version = "11.4.0"
backend = "aqua:pnpm/pnpm"

[tools.pnpm."platforms.linux-arm64"]
checksum = "sha256:cc38ebd5b2610a5744f84576b963c49e6609a8df5aed714ae3de749998d4478c"
url = "https://github.com/pnpm/pnpm/releases/download/v11.4.0/pnpm-linux-arm64.tar.gz"
provenance = "github-attestations"

[tools.pnpm."platforms.linux-x64"]
checksum = "sha256:f3f8d1217eef013bbc71a24d52efb1f1041e4aff55edd80e0b08e25f409305a4"
url = "https://github.com/pnpm/pnpm/releases/download/v11.4.0/pnpm-linux-x64.tar.gz"
provenance = "github-attestations"

[tools.pnpm."platforms.macos-arm64"]
checksum = "sha256:ba59014c2c1ce8b76af9f559385206a2623de4ff2b694b5c91598a8f44abb4e2"
url = "https://github.com/pnpm/pnpm/releases/download/v11.4.0/pnpm-darwin-arm64.tar.gz"
provenance = "github-attestations"
